
Microsoft Visual Studio Solution File, Format Version 12.00
# Visual Studio Version 16
VisualStudioVersion = 16.0.33027.164
MinimumVisualStudioVersion = 10.0.40219.1
Project("{FAE04EC0-301F-11D3-BF4B-00C04F79EFBC}") = "Project", "Project.csproj", "{8A44604F-3C0C-4D44-8F38-27F35EDE96A3}"
EndProject
Global
	GlobalSection(SolutionConfigurationPlatforms) = preSolution
		Debug|Any CPU = Debug|Any CPU
		Release|Any CPU = Release|Any CPU
	EndGlobalSection
	GlobalSection(ProjectConfigurationPlatforms) = postSolution
		{8A44604F-3C0C-4D44-8F38-27F35EDE96A3}.Debug|Any CPU.ActiveCfg = Debug|Any CPU
		{8A44604F-3C0C-4D44-8F38-27F35EDE96A3}.Debug|Any CPU.Build.0 = Debug|Any CPU
		{8A44604F-3C0C-4D44-8F38-27F35EDE96A3}.Release|Any CPU.ActiveCfg = Release|Any CPU
		{8A44604F-3C0C-4D44-8F38-27F35EDE96A3}.Release|Any CPU.Build.0 = Release|Any CPU
	EndGlobalSection
	GlobalSection(SolutionProperties) = preSolution
		HideSolutionNode = FALSE
	EndGlobalSection
	GlobalSection(ExtensibilityGlobals) = postSolution
		SolutionGuid = {EEE52732-59D9-449F-8DFB-335D28E0CBAD}
	EndGlobalSection
EndGlobal
